
Microsoft Visual Studio Solution File, Format Version 12.00
# Visual Studio Version 16
VisualStudioVersion = 16.0.30204.135
MinimumVisualStudioVersion = 10.0.40219.1
Project("{FAE04EC0-301F-11D3-BF4B-00C04F79EFBC}") = "Inventory Management System", "Inventory Management System\Inventory Management System.csproj", "{CE6C78FF-9E12-4B6C-80D2-851C4E243E44}"
EndProject
Global
	GlobalSection(SolutionConfigurationPlatforms) = preSolution
		Debug|Any CPU = Debug|Any CPU
		Release|Any CPU = Release|Any CPU
	EndGlobalSection
	GlobalSection(ProjectConfigurationPlatforms) = postSolution
		{CE6C78FF-9E12-4B6C-80D2-851C4E243E44}.Debug|Any CPU.ActiveCfg = Debug|Any CPU
		{CE6C78FF-9E12-4B6C-80D2-851C4E243E44}.Debug|Any CPU.Build.0 = Debug|Any CPU
		{CE6C78FF-9E12-4B6C-80D2-851C4E243E44}.Release|Any CPU.ActiveCfg = Release|Any CPU
		{CE6C78FF-9E12-4B6C-80D2-851C4E243E44}.Release|Any CPU.Build.0 = Release|Any CPU
	EndGlobalSection
	GlobalSection(SolutionProperties) = preSolution
		HideSolutionNode = FALSE
	EndGlobalSection
	GlobalSection(ExtensibilityGlobals) = postSolution
		SolutionGuid = {794B59BF-843E-4C26-BB4E-518019379958}
	EndGlobalSection
EndGlobal
